<?xml version="1.0" encoding="UTF-8"?>
<CONFIG>
  <ProjectOptions>
    <Version Value="9"/>
    <PathDelim Value="\"/>
    <General>
      <SessionStorage Value="InProjectDir"/>
      <MainUnit Value="0"/>
      <Title Value="StockRelease"/>
      <ResourceType Value="res"/>
      <UseXPManifest Value="True"/>
      <Icon Value="0"/>
    </General>
    <i18n>
      <EnableI18N Value="True"/>
      <OutDir Value="languages"/>
    </i18n>
    <VersionInfo>
      <UseVersionInfo Value="True"/>
      <AutoIncrementBuild Value="True"/>
      <MinorVersionNr Value="1"/>
      <BuildNr Value="13"/>
      <Attributes pvaPreRelease="True"/>
      <StringTable CompanyName="apliilam" ProductVersion="0.1"/>
    </VersionInfo>
    <BuildModes Count="1">
      <Item1 Name="Default" Default="True"/>
    </BuildModes>
    <PublishOptions>
      <Version Value="2"/>
    </PublishOptions>
    <RunParams>
      <local>
        <FormatVersion Value="1"/>
      </local>
    </RunParams>
    <RequiredPackages Count="2">
      <Item1>
        <PackageName Value="LazControls"/>
      </Item1>
      <Item2>
        <PackageName Value="LCL"/>
      </Item2>
    </RequiredPackages>
    <Units Count="18">
      <Unit0>
        <Filename Value="Rmaker.pas"/>
        <IsPartOfProject Value="True"/>
      </Unit0>
      <Unit1>
        <Filename Value="rm_main.pas"/>
        <IsPartOfProject Value="True"/>
        <ComponentName Value="Form1"/>
        <HasResources Value="True"/>
        <ResourceBaseClass Value="Form"/>
        <UnitName Value="RM_main"/>
      </Unit1>
      <Unit2>
        <Filename Value="rm_additional.pas"/>
        <IsPartOfProject Value="True"/>
        <UnitName Value="RM_Additional"/>
      </Unit2>
      <Unit3>
        <Filename Value="..\..\..\dDistr\delphi\CCR Exif v1.5.1\CCR.Exif.inc"/>
        <IsPartOfProject Value="True"/>
      </Unit3>
      <Unit4>
        <Filename Value="..\..\..\dDistr\delphi\CCR Exif v1.5.1\CCR.Exif.BaseUtils.pas"/>
        <IsPartOfProject Value="True"/>
      </Unit4>
      <Unit5>
        <Filename Value="..\..\..\dDistr\delphi\CCR Exif v1.5.1\CCR.Exif.Consts.pas"/>
        <IsPartOfProject Value="True"/>
      </Unit5>
      <Unit6>
        <Filename Value="..\..\..\dDistr\delphi\CCR Exif v1.5.1\CCR.Exif.IPTC.pas"/>
        <IsPartOfProject Value="True"/>
      </Unit6>
      <Unit7>
        <Filename Value="..\..\..\dDistr\delphi\CCR Exif v1.5.1\CCR.Exif.JpegUtils.pas"/>
        <IsPartOfProject Value="True"/>
      </Unit7>
      <Unit8>
        <Filename Value="..\..\..\dDistr\delphi\CCR Exif v1.5.1\CCR.Exif.pas"/>
        <IsPartOfProject Value="True"/>
      </Unit8>
      <Unit9>
        <Filename Value="..\..\..\dDistr\delphi\CCR Exif v1.5.1\CCR.Exif.StreamHelper.pas"/>
        <IsPartOfProject Value="True"/>
      </Unit9>
      <Unit10>
        <Filename Value="..\..\..\dDistr\delphi\CCR Exif v1.5.1\CCR.Exif.TagIDs.pas"/>
        <IsPartOfProject Value="True"/>
      </Unit10>
      <Unit11>
        <Filename Value="..\..\..\dDistr\delphi\CCR Exif v1.5.1\CCR.Exif.TiffUtils.pas"/>
        <IsPartOfProject Value="True"/>
      </Unit11>
      <Unit12>
        <Filename Value="..\..\..\dDistr\delphi\CCR Exif v1.5.1\CCR.Exif.XMPUtils.pas"/>
        <IsPartOfProject Value="True"/>
      </Unit12>
      <Unit13>
        <Filename Value="rm_cropimg.pas"/>
        <IsPartOfProject Value="True"/>
        <ComponentName Value="Form2"/>
        <HasResources Value="True"/>
        <ResourceBaseClass Value="Form"/>
        <UnitName Value="RM_CropImg"/>
      </Unit13>
      <Unit14>
        <Filename Value="rm_progressform.pas"/>
        <IsPartOfProject Value="True"/>
        <ComponentName Value="Form3"/>
        <HasResources Value="True"/>
        <ResourceBaseClass Value="Form"/>
        <UnitName Value="RM_ProgressForm"/>
      </Unit14>
      <Unit15>
        <Filename Value="rm_options.pas"/>
        <IsPartOfProject Value="True"/>
        <ComponentName Value="Form4"/>
        <HasResources Value="True"/>
        <ResourceBaseClass Value="Form"/>
        <UnitName Value="RM_Options"/>
      </Unit15>
      <Unit16>
        <Filename Value="rm_translate.pas"/>
        <IsPartOfProject Value="True"/>
        <UnitName Value="RM_Translate"/>
      </Unit16>
      <Unit17>
        <Filename Value="rsql.pas"/>
        <IsPartOfProject Value="True"/>
        <UnitName Value="rSQL"/>
      </Unit17>
    </Units>
  </ProjectOptions>
  <CompilerOptions>
    <Version Value="11"/>
    <PathDelim Value="\"/>
    <Target>
      <Filename Value="StockRelease tool"/>
    </Target>
    <SearchPaths>
      <IncludeFiles Value="$(ProjOutDir);..\..\..\dDistr\delphi\CCR Exif v1.5.1"/>
      <OtherUnitFiles Value="..\AdditionalModule;..\..\..\dDistr\delphi\CCR Exif v1.5.1"/>
      <UnitOutputDirectory Value="lib\$(TargetCPU)-$(TargetOS)"/>
    </SearchPaths>
    <Linking>
      <Debugging>
        <GenerateDebugInfo Value="False"/>
      </Debugging>
      <Options>
        <Win32>
          <GraphicApplication Value="True"/>
        </Win32>
      </Options>
    </Linking>
  </CompilerOptions>
  <Debugging>
    <Exceptions Count="3">
      <Item1>
        <Name Value="EAbort"/>
      </Item1>
      <Item2>
        <Name Value="ECodetoolError"/>
      </Item2>
      <Item3>
        <Name Value="EFOpenError"/>
      </Item3>
    </Exceptions>
  </Debugging>
</CONFIG>
